// !$*UTF8*$!
{
	archiveVersion = 1;
	classes = {
	};
	objectVersion = 46;
	objects = {

/* Begin PBXBuildFile section */
		A612EF091DBF53F40051DFD4 /* UIView+DrawLine.m in Sources */ = {isa = PBXBuildFile; fileRef = A612EF061DBF53F40051DFD4 /* UIView+DrawLine.m */; };
		A612EF0A1DBF53F40051DFD4 /* UIView+Frame.m in Sources */ = {isa = PBXBuildFile; fileRef = A612EF081DBF53F40051DFD4 /* UIView+Frame.m */; };
		A612EF371DC332B00051DFD4 /* arrow@2x.png in Resources */ = {isa = PBXBuildFile; fileRef = A612EF351DC332B00051DFD4 /* arrow@2x.png */; };
		A612EF381DC332B00051DFD4 /* arrow@3x.png in Resources */ = {isa = PBXBuildFile; fileRef = A612EF361DC332B00051DFD4 /* arrow@3x.png */; };
		A6351AE51DB9F0A800221579 /* main.m in Sources */ = {isa = PBXBuildFile; fileRef = A6351AE41DB9F0A800221579 /* main.m */; };
		A6351AE81DB9F0A800221579 /* AppDelegate.m in Sources */ = {isa = PBXBuildFile; fileRef = A6351AE71DB9F0A800221579 /* AppDelegate.m */; };
		A6351AEB1DB9F0A800221579 /* ViewController.m in Sources */ = {isa = PBXBuildFile; fileRef = A6351AEA1DB9F0A800221579 /* ViewController.m */; };
		A6351AF01DB9F0A800221579 /* Assets.xcassets in Resources */ = {isa = PBXBuildFile; fileRef = A6351AEF1DB9F0A800221579 /* Assets.xcassets */; };
		A6351AF31DB9F0A800221579 /* LaunchScreen.storyboard in Resources */ = {isa = PBXBuildFile; fileRef = A6351AF11DB9F0A800221579 /* LaunchScreen.storyboard */; };
		A6351B191DB9F73300221579 /* KVOViewController.m in Sources */ = {isa = PBXBuildFile; fileRef = A6351B181DB9F73300221579 /* KVOViewController.m */; };
		A6351B1C1DB9F9A700221579 /* NSObject+KVO.m in Sources */ = {isa = PBXBuildFile; fileRef = A6351B1B1DB9F9A700221579 /* NSObject+KVO.m */; };
		A6351B1F1DB9FFCE00221579 /* ObservationInfo.m in Sources */ = {isa = PBXBuildFile; fileRef = A6351B1E1DB9FFCE00221579 /* ObservationInfo.m */; };
		A6351B221DBC7F0100221579 /* Message.m in Sources */ = {isa = PBXBuildFile; fileRef = A6351B211DBC7F0100221579 /* Message.m */; };
		A677427F1DCC9373003528EA /* TTAlertView.m in Sources */ = {isa = PBXBuildFile; fileRef = A677427E1DCC9373003528EA /* TTAlertView.m */; };
		A6805B751DCB2949002BE3F3 /* TBAlertViewController.m in Sources */ = {isa = PBXBuildFile; fileRef = A6805B741DCB2949002BE3F3 /* TBAlertViewController.m */; };
		A69243BC1DD8C903005C2834 /* RunLoopDemoViewController.m in Sources */ = {isa = PBXBuildFile; fileRef = A69243BA1DD8C903005C2834 /* RunLoopDemoViewController.m */; };
		A69243BD1DD8C903005C2834 /* RunLoopDemoViewController.xib in Resources */ = {isa = PBXBuildFile; fileRef = A69243BB1DD8C903005C2834 /* RunLoopDemoViewController.xib */; };
		C62E224E1EDF0A0A00B1E24E /* NotifyViewController.m in Sources */ = {isa = PBXBuildFile; fileRef = C62E224C1EDF0A0A00B1E24E /* NotifyViewController.m */; };
		C62E224F1EDF0A0A00B1E24E /* NotifyViewController.xib in Resources */ = {isa = PBXBuildFile; fileRef = C62E224D1EDF0A0A00B1E24E /* NotifyViewController.xib */; };
/* End PBXBuildFile section */

/* Begin PBXFileReference section */
		A612EF051DBF53F40051DFD4 /* UIView+DrawLine.h */ = {isa = PBXFileReference; fileEncoding = 4; lastKnownFileType = sourcecode.c.h; path = "UIView+DrawLine.h"; sourceTree = "<group>"; };
		A612EF061DBF53F40051DFD4 /* UIView+DrawLine.m */ = {isa = PBXFileReference; fileEncoding = 4; lastKnownFileType = sourcecode.c.objc; path = "UIView+DrawLine.m"; sourceTree = "<group>"; };
		A612EF071DBF53F40051DFD4 /* UIView+Frame.h */ = {isa = PBXFileReference; fileEncoding = 4; lastKnownFileType = sourcecode.c.h; path = "UIView+Frame.h"; sourceTree = "<group>"; };
		A612EF081DBF53F40051DFD4 /* UIView+Frame.m */ = {isa = PBXFileReference; fileEncoding = 4; lastKnownFileType = sourcecode.c.objc; path = "UIView+Frame.m"; sourceTree = "<group>"; };
		A612EF0C1DBF54230051DFD4 /* HBCommon.h */ = {isa = PBXFileReference; lastKnownFileType = sourcecode.c.h; path = HBCommon.h; sourceTree = "<group>"; };
		A612EF0D1DBF54230051DFD4 /* HBUIColor.h */ = {isa = PBXFileReference; lastKnownFileType = sourcecode.c.h; path = HBUIColor.h; sourceTree = "<group>"; };
		A612EF0E1DBF54230051DFD4 /* text.pch */ = {isa = PBXFileReference; lastKnownFileType = sourcecode.c.h; path = text.pch; sourceTree = "<group>"; };
		A612EF351DC332B00051DFD4 /* arrow@2x.png */ = {isa = PBXFileReference; lastKnownFileType = image.png; path = "arrow@2x.png"; sourceTree = "<group>"; };
		A612EF361DC332B00051DFD4 /* arrow@3x.png */ = {isa = PBXFileReference; lastKnownFileType = image.png; path = "arrow@3x.png"; sourceTree = "<group>"; };
		A6351AE01DB9F0A800221579 /* TimeAndLoop.app */ = {isa = PBXFileReference; explicitFileType = wrapper.application; includeInIndex = 0; path = TimeAndLoop.app; sourceTree = BUILT_PRODUCTS_DIR; };
		A6351AE41DB9F0A800221579 /* main.m */ = {isa = PBXFileReference; lastKnownFileType = sourcecode.c.objc; path = main.m; sourceTree = "<group>"; };
		A6351AE61DB9F0A800221579 /* AppDelegate.h */ = {isa = PBXFileReference; lastKnownFileType = sourcecode.c.h; path = AppDelegate.h; sourceTree = "<group>"; };
		A6351AE71DB9F0A800221579 /* AppDelegate.m */ = {isa = PBXFileReference; lastKnownFileType = sourcecode.c.objc; path = AppDelegate.m; sourceTree = "<group>"; };
		A6351AE91DB9F0A800221579 /* ViewController.h */ = {isa = PBXFileReference; lastKnownFileType = sourcecode.c.h; path = ViewController.h; sourceTree = "<group>"; };
		A6351AEA1DB9F0A800221579 /* ViewController.m */ = {isa = PBXFileReference; lastKnownFileType = sourcecode.c.objc; path = ViewController.m; sourceTree = "<group>"; };
		A6351AEF1DB9F0A800221579 /* Assets.xcassets */ = {isa = PBXFileReference; lastKnownFileType = folder.assetcatalog; path = Assets.xcassets; sourceTree = "<group>"; };
		A6351AF21DB9F0A800221579 /* Base */ = {isa = PBXFileReference; lastKnownFileType = file.storyboard; name = Base; path = Base.lproj/LaunchScreen.storyboard; sourceTree = "<group>"; };
		A6351AF41DB9F0A800221579 /* Info.plist */ = {isa = PBXFileReference; lastKnownFileType = text.plist.xml; path = Info.plist; sourceTree = "<group>"; };
		A6351AFD1DB9F0A800221579 /* TimeAndLoopTests.m */ = {isa = PBXFileReference; lastKnownFileType = sourcecode.c.objc; path = TimeAndLoopTests.m; sourceTree = "<group>"; };
		A6351AFF1DB9F0A800221579 /* Info.plist */ = {isa = PBXFileReference; lastKnownFileType = text.plist.xml; path = Info.plist; sourceTree = "<group>"; };
		A6351B081DB9F0A800221579 /* TimeAndLoopUITests.m */ = {isa = PBXFileReference; lastKnownFileType = sourcecode.c.objc; path = TimeAndLoopUITests.m; sourceTree = "<group>"; };
		A6351B0A1DB9F0A800221579 /* Info.plist */ = {isa = PBXFileReference; lastKnownFileType = text.plist.xml; path = Info.plist; sourceTree = "<group>"; };
		A6351B171DB9F73300221579 /* KVOViewController.h */ = {isa = PBXFileReference; fileEncoding = 4; lastKnownFileType = sourcecode.c.h; path = KVOViewController.h; sourceTree = "<group>"; };
		A6351B181DB9F73300221579 /* KVOViewController.m */ = {isa = PBXFileReference; fileEncoding = 4; lastKnownFileType = sourcecode.c.objc; path = KVOViewController.m; sourceTree = "<group>"; };
		A6351B1A1DB9F9A700221579 /* NSObject+KVO.h */ = {isa = PBXFileReference; fileEncoding = 4; lastKnownFileType = sourcecode.c.h; path = "NSObject+KVO.h"; sourceTree = "<group>"; };
		A6351B1B1DB9F9A700221579 /* NSObject+KVO.m */ = {isa = PBXFileReference; fileEncoding = 4; lastKnownFileType = sourcecode.c.objc; path = "NSObject+KVO.m"; sourceTree = "<group>"; };
		A6351B1D1DB9FFCE00221579 /* ObservationInfo.h */ = {isa = PBXFileReference; fileEncoding = 4; lastKnownFileType = sourcecode.c.h; path = ObservationInfo.h; sourceTree = "<group>"; };
		A6351B1E1DB9FFCE00221579 /* ObservationInfo.m */ = {isa = PBXFileReference; fileEncoding = 4; lastKnownFileType = sourcecode.c.objc; path = ObservationInfo.m; sourceTree = "<group>"; };
		A6351B201DBC7F0100221579 /* Message.h */ = {isa = PBXFileReference; fileEncoding = 4; lastKnownFileType = sourcecode.c.h; path = Message.h; sourceTree = "<group>"; };
		A6351B211DBC7F0100221579 /* Message.m */ = {isa = PBXFileReference; fileEncoding = 4; lastKnownFileType = sourcecode.c.objc; path = Message.m; sourceTree = "<group>"; };
		A677427D1DCC9373003528EA /* TTAlertView.h */ = {isa = PBXFileReference; fileEncoding = 4; lastKnownFileType = sourcecode.c.h; path = TTAlertView.h; sourceTree = "<group>"; };
		A677427E1DCC9373003528EA /* TTAlertView.m */ = {isa = PBXFileReference; fileEncoding = 4; lastKnownFileType = sourcecode.c.objc; path = TTAlertView.m; sourceTree = "<group>"; };
		A6805B731DCB2949002BE3F3 /* TBAlertViewController.h */ = {isa = PBXFileReference; fileEncoding = 4; lastKnownFileType = sourcecode.c.h; path = TBAlertViewController.h; sourceTree = "<group>"; };
		A6805B741DCB2949002BE3F3 /* TBAlertViewController.m */ = {isa = PBXFileReference; fileEncoding = 4; lastKnownFileType = sourcecode.c.objc; path = TBAlertViewController.m; sourceTree = "<group>"; };
		A69243B91DD8C903005C2834 /* RunLoopDemoViewController.h */ = {isa = PBXFileReference; fileEncoding = 4; lastKnownFileType = sourcecode.c.h; path = RunLoopDemoViewController.h; sourceTree = "<group>"; };
		A69243BA1DD8C903005C2834 /* RunLoopDemoViewController.m */ = {isa = PBXFileReference; fileEncoding = 4; lastKnownFileType = sourcecode.c.objc; path = RunLoopDemoViewController.m; sourceTree = "<group>"; };
		A69243BB1DD8C903005C2834 /* RunLoopDemoViewController.xib */ = {isa = PBXFileReference; fileEncoding = 4; lastKnownFileType = file.xib; path = RunLoopDemoViewController.xib; sourceTree = "<group>"; };
		C62E224B1EDF0A0A00B1E24E /* NotifyViewController.h */ = {isa = PBXFileReference; fileEncoding = 4; lastKnownFileType = sourcecode.c.h; path = NotifyViewController.h; sourceTree = "<group>"; };
		C62E224C1EDF0A0A00B1E24E /* NotifyViewController.m */ = {isa = PBXFileReference; fileEncoding = 4; lastKnownFileType = sourcecode.c.objc; path = NotifyViewController.m; sourceTree = "<group>"; };
		C62E224D1EDF0A0A00B1E24E /* NotifyViewController.xib */ = {isa = PBXFileReference; fileEncoding = 4; lastKnownFileType = file.xib; path = NotifyViewController.xib; sourceTree = "<group>"; };
/* End PBXFileReference section */

/* Begin PBXFrameworksBuildPhase section */
		A6351ADD1DB9F0A800221579 /* Frameworks */ = {
			isa = PBXFrameworksBuildPhase;
			buildActionMask = 2147483647;
			files = (
			);
			runOnlyForDeploymentPostprocessing = 0;
		};
/* End PBXFrameworksBuildPhase section */

/* Begin PBXGroup section */
		A612EF041DBF53E70051DFD4 /* AlertView */ = {
			isa = PBXGroup;
			children = (
				A677427D1DCC9373003528EA /* TTAlertView.h */,
				A677427E1DCC9373003528EA /* TTAlertView.m */,
				A6805B731DCB2949002BE3F3 /* TBAlertViewController.h */,
				A6805B741DCB2949002BE3F3 /* TBAlertViewController.m */,
				A612EF0B1DBF53FB0051DFD4 /* Common */,
			);
			name = AlertView;
			sourceTree = "<group>";
		};
		A612EF0B1DBF53FB0051DFD4 /* Common */ = {
			isa = PBXGroup;
			children = (
				A612EF0C1DBF54230051DFD4 /* HBCommon.h */,
				A612EF0D1DBF54230051DFD4 /* HBUIColor.h */,
				A612EF0E1DBF54230051DFD4 /* text.pch */,
				A612EF051DBF53F40051DFD4 /* UIView+DrawLine.h */,
				A612EF061DBF53F40051DFD4 /* UIView+DrawLine.m */,
				A612EF071DBF53F40051DFD4 /* UIView+Frame.h */,
				A612EF081DBF53F40051DFD4 /* UIView+Frame.m */,
			);
			name = Common;
			sourceTree = "<group>";
		};
		A6351AD71DB9F0A800221579 = {
			isa = PBXGroup;
			children = (
				A612EF351DC332B00051DFD4 /* arrow@2x.png */,
				A612EF361DC332B00051DFD4 /* arrow@3x.png */,
				A6351AE21DB9F0A800221579 /* TimeAndLoop */,
				A6351AFC1DB9F0A800221579 /* TimeAndLoopTests */,
				A6351B071DB9F0A800221579 /* TimeAndLoopUITests */,
				A6351AE11DB9F0A800221579 /* Products */,
			);
			sourceTree = "<group>";
		};
		A6351AE11DB9F0A800221579 /* Products */ = {
			isa = PBXGroup;
			children = (
				A6351AE01DB9F0A800221579 /* TimeAndLoop.app */,
			);
			name = Products;
			sourceTree = "<group>";
		};
		A6351AE21DB9F0A800221579 /* TimeAndLoop */ = {
			isa = PBXGroup;
			children = (
				C62E22451EDF099E00B1E24E /* Notify */,
				A69243B81DD8C8EA005C2834 /* runloop */,
				A6351AE61DB9F0A800221579 /* AppDelegate.h */,
				A6351AE71DB9F0A800221579 /* AppDelegate.m */,
				A6351AE91DB9F0A800221579 /* ViewController.h */,
				A6351AEA1DB9F0A800221579 /* ViewController.m */,
				A6351B161DB9F71E00221579 /* KVO */,
				A612EF041DBF53E70051DFD4 /* AlertView */,
				A6351AEF1DB9F0A800221579 /* Assets.xcassets */,
				A6351AF11DB9F0A800221579 /* LaunchScreen.storyboard */,
				A6351AF41DB9F0A800221579 /* Info.plist */,
				A6351AE31DB9F0A800221579 /* Supporting Files */,
			);
			path = TimeAndLoop;
			sourceTree = "<group>";
		};
		A6351AE31DB9F0A800221579 /* Supporting Files */ = {
			isa = PBXGroup;
			children = (
				A6351AE41DB9F0A800221579 /* main.m */,
			);
			name = "Supporting Files";
			sourceTree = "<group>";
		};
		A6351AFC1DB9F0A800221579 /* TimeAndLoopTests */ = {
			isa = PBXGroup;
			children = (
				A6351AFD1DB9F0A800221579 /* TimeAndLoopTests.m */,
				A6351AFF1DB9F0A800221579 /* Info.plist */,
			);
			path = TimeAndLoopTests;
			sourceTree = "<group>";
		};
		A6351B071DB9F0A800221579 /* TimeAndLoopUITests */ = {
			isa = PBXGroup;
			children = (
				A6351B081DB9F0A800221579 /* TimeAndLoopUITests.m */,
				A6351B0A1DB9F0A800221579 /* Info.plist */,
			);
			path = TimeAndLoopUITests;
			sourceTree = "<group>";
		};
		A6351B161DB9F71E00221579 /* KVO */ = {
			isa = PBXGroup;
			children = (
				A6351B171DB9F73300221579 /* KVOViewController.h */,
				A6351B181DB9F73300221579 /* KVOViewController.m */,
				A6351B1A1DB9F9A700221579 /* NSObject+KVO.h */,
				A6351B1B1DB9F9A700221579 /* NSObject+KVO.m */,
				A6351B1D1DB9FFCE00221579 /* ObservationInfo.h */,
				A6351B1E1DB9FFCE00221579 /* ObservationInfo.m */,
				A6351B201DBC7F0100221579 /* Message.h */,
				A6351B211DBC7F0100221579 /* Message.m */,
			);
			name = KVO;
			sourceTree = "<group>";
		};
		A69243B81DD8C8EA005C2834 /* runloop */ = {
			isa = PBXGroup;
			children = (
				A69243B91DD8C903005C2834 /* RunLoopDemoViewController.h */,
				A69243BA1DD8C903005C2834 /* RunLoopDemoViewController.m */,
				A69243BB1DD8C903005C2834 /* RunLoopDemoViewController.xib */,
			);
			name = runloop;
			sourceTree = "<group>";
		};
		C62E22451EDF099E00B1E24E /* Notify */ = {
			isa = PBXGroup;
			children = (
				C62E224B1EDF0A0A00B1E24E /* NotifyViewController.h */,
				C62E224C1EDF0A0A00B1E24E /* NotifyViewController.m */,
				C62E224D1EDF0A0A00B1E24E /* NotifyViewController.xib */,
			);
			name = Notify;
			sourceTree = "<group>";
		};
/* End PBXGroup section */

/* Begin PBXNativeTarget section */
		A6351ADF1DB9F0A800221579 /* TimeAndLoop */ = {
			isa = PBXNativeTarget;
			buildConfigurationList = A6351B0D1DB9F0A800221579 /* Build configuration list for PBXNativeTarget "TimeAndLoop" */;
			buildPhases = (
				A6351ADC1DB9F0A800221579 /* Sources */,
				A6351ADD1DB9F0A800221579 /* Frameworks */,
				A6351ADE1DB9F0A800221579 /* Resources */,
			);
			buildRules = (
			);
			dependencies = (
			);
			name = TimeAndLoop;
			productName = TimeAndLoop;
			productReference = A6351AE01DB9F0A800221579 /* TimeAndLoop.app */;
			productType = "com.apple.product-type.application";
		};
/* End PBXNativeTarget section */

/* Begin PBXProject section */
		A6351AD81DB9F0A800221579 /* Project object */ = {
			isa = PBXProject;
			attributes = {
				LastUpgradeCheck = 0800;
				ORGANIZATIONNAME = TongBin;
				TargetAttributes = {
					A6351ADF1DB9F0A800221579 = {
						CreatedOnToolsVersion = 8.0;
						ProvisioningStyle = Automatic;
					};
				};
			};
			buildConfigurationList = A6351ADB1DB9F0A800221579 /* Build configuration list for PBXProject "TimeAndLoop" */;
			compatibilityVersion = "Xcode 3.2";
			developmentRegion = English;
			hasScannedForEncodings = 0;
			knownRegions = (
				en,
				Base,
			);
			mainGroup = A6351AD71DB9F0A800221579;
			productRefGroup = A6351AE11DB9F0A800221579 /* Products */;
			projectDirPath = "";
			projectRoot = "";
			targets = (
				A6351ADF1DB9F0A800221579 /* TimeAndLoop */,
			);
		};
/* End PBXProject section */

/* Begin PBXResourcesBuildPhase section */
		A6351ADE1DB9F0A800221579 /* Resources */ = {
			isa = PBXResourcesBuildPhase;
			buildActionMask = 2147483647;
			files = (
				A69243BD1DD8C903005C2834 /* RunLoopDemoViewController.xib in Resources */,
				A6351AF31DB9F0A800221579 /* LaunchScreen.storyboard in Resources */,
				A612EF381DC332B00051DFD4 /* arrow@3x.png in Resources */,
				C62E224F1EDF0A0A00B1E24E /* NotifyViewController.xib in Resources */,
				A6351AF01DB9F0A800221579 /* Assets.xcassets in Resources */,
				A612EF371DC332B00051DFD4 /* arrow@2x.png in Resources */,
			);
			runOnlyForDeploymentPostprocessing = 0;
		};
/* End PBXResourcesBuildPhase section */

/* Begin PBXSourcesBuildPhase section */
		A6351ADC1DB9F0A800221579 /* Sources */ = {
			isa = PBXSourcesBuildPhase;
			buildActionMask = 2147483647;
			files = (
				A6805B751DCB2949002BE3F3 /* TBAlertViewController.m in Sources */,
				C62E224E1EDF0A0A00B1E24E /* NotifyViewController.m in Sources */,
				A6351AEB1DB9F0A800221579 /* ViewController.m in Sources */,
				A677427F1DCC9373003528EA /* TTAlertView.m in Sources */,
				A6351B191DB9F73300221579 /* KVOViewController.m in Sources */,
				A6351B1C1DB9F9A700221579 /* NSObject+KVO.m in Sources */,
				A612EF0A1DBF53F40051DFD4 /* UIView+Frame.m in Sources */,
				A6351B221DBC7F0100221579 /* Message.m in Sources */,
				A6351AE81DB9F0A800221579 /* AppDelegate.m in Sources */,
				A6351B1F1DB9FFCE00221579 /* ObservationInfo.m in Sources */,
				A69243BC1DD8C903005C2834 /* RunLoopDemoViewController.m in Sources */,
				A612EF091DBF53F40051DFD4 /* UIView+DrawLine.m in Sources */,
				A6351AE51DB9F0A800221579 /* main.m in Sources */,
			);
			runOnlyForDeploymentPostprocessing = 0;
		};
/* End PBXSourcesBuildPhase section */

/* Begin PBXVariantGroup section */
		A6351AF11DB9F0A800221579 /* LaunchScreen.storyboard */ = {
			isa = PBXVariantGroup;
			children = (
				A6351AF21DB9F0A800221579 /* Base */,
			);
			name = LaunchScreen.storyboard;
			sourceTree = "<group>";
		};
/* End PBXVariantGroup section */

/* Begin XCBuildConfiguration section */
		A6351B0B1DB9F0A800221579 /* Debug */ = {
			isa = XCBuildConfiguration;
			buildSettings = {
				ALWAYS_SEARCH_USER_PATHS = NO;
				CLANG_ANALYZER_NONNULL = YES;
				CLANG_CXX_LANGUAGE_STANDARD = "gnu++0x";
				CLANG_CXX_LIBRARY = "libc++";
				CLANG_ENABLE_MODULES = YES;
				CLANG_ENABLE_OBJC_ARC = YES;
				CLANG_WARN_BOOL_CONVERSION = YES;
				CLANG_WARN_CONSTANT_CONVERSION = YES;
				CLANG_WARN_DIRECT_OBJC_ISA_USAGE = YES_ERROR;
				CLANG_WARN_DOCUMENTATION_COMMENTS = YES;
				CLANG_WARN_EMPTY_BODY = YES;
				CLANG_WARN_ENUM_CONVERSION = YES;
				CLANG_WARN_INFINITE_RECURSION = YES;
				CLANG_WARN_INT_CONVERSION = YES;
				CLANG_WARN_OBJC_ROOT_CLASS = YES_ERROR;
				CLANG_WARN_SUSPICIOUS_MOVES = YES;
				CLANG_WARN_UNREACHABLE_CODE = YES;
				CLANG_WARN__DUPLICATE_METHOD_MATCH = YES;
				"CODE_SIGN_IDENTITY[sdk=iphoneos*]" = "iPhone Developer";
				COPY_PHASE_STRIP = NO;
				DEBUG_INFORMATION_FORMAT = dwarf;
				ENABLE_STRICT_OBJC_MSGSEND = YES;
				ENABLE_TESTABILITY = YES;
				GCC_C_LANGUAGE_STANDARD = gnu99;
				GCC_DYNAMIC_NO_PIC = NO;
				GCC_NO_COMMON_BLOCKS = YES;
				GCC_OPTIMIZATION_LEVEL = 0;
				GCC_PREFIX_HEADER = "$(SRCROOT)/text.pch";
				GCC_PREPROCESSOR_DEFINITIONS = (
					"DEBUG=1",
					"$(inherited)",
				);
				GCC_WARN_64_TO_32_BIT_CONVERSION = YES;
				GCC_WARN_ABOUT_RETURN_TYPE = YES_ERROR;
				GCC_WARN_UNDECLARED_SELECTOR = YES;
				GCC_WARN_UNINITIALIZED_AUTOS = YES_AGGRESSIVE;
				GCC_WARN_UNUSED_FUNCTION = YES;
				GCC_WARN_UNUSED_VARIABLE = YES;
				IPHONEOS_DEPLOYMENT_TARGET = 10.0;
				MTL_ENABLE_DEBUG_INFO = YES;
				ONLY_ACTIVE_ARCH = YES;
				SDKROOT = iphoneos;
			};
			name = Debug;
		};
		A6351B0C1DB9F0A800221579 /* Release */ = {
			isa = XCBuildConfiguration;
			buildSettings = {
				ALWAYS_SEARCH_USER_PATHS = NO;
				CLANG_ANALYZER_NONNULL = YES;
				CLANG_CXX_LANGUAGE_STANDARD = "gnu++0x";
				CLANG_CXX_LIBRARY = "libc++";
				CLANG_ENABLE_MODULES = YES;
				CLANG_ENABLE_OBJC_ARC = YES;
				CLANG_WARN_BOOL_CONVERSION = YES;
				CLANG_WARN_CONSTANT_CONVERSION = YES;
				CLANG_WARN_DIRECT_OBJC_ISA_USAGE = YES_ERROR;
				CLANG_WARN_DOCUMENTATION_COMMENTS = YES;
				CLANG_WARN_EMPTY_BODY = YES;
				CLANG_WARN_ENUM_CONVERSION = YES;
				CLANG_WARN_INFINITE_RECURSION = YES;
				CLANG_WARN_INT_CONVERSION = YES;
				CLANG_WARN_OBJC_ROOT_CLASS = YES_ERROR;
				CLANG_WARN_SUSPICIOUS_MOVES = YES;
				CLANG_WARN_UNREACHABLE_CODE = YES;
				CLANG_WARN__DUPLICATE_METHOD_MATCH = YES;
				"CODE_SIGN_IDENTITY[sdk=iphoneos*]" = "iPhone Developer";
				COPY_PHASE_STRIP = NO;
				DEBUG_INFORMATION_FORMAT = "dwarf-with-dsym";
				ENABLE_NS_ASSERTIONS = NO;
				ENABLE_STRICT_OBJC_MSGSEND = YES;
				GCC_C_LANGUAGE_STANDARD = gnu99;
				GCC_NO_COMMON_BLOCKS = YES;
				GCC_PREFIX_HEADER = "$(SRCROOT)/text.pch";
				GCC_WARN_64_TO_32_BIT_CONVERSION = YES;
				GCC_WARN_ABOUT_RETURN_TYPE = YES_ERROR;
				GCC_WARN_UNDECLARED_SELECTOR = YES;
				GCC_WARN_UNINITIALIZED_AUTOS = YES_AGGRESSIVE;
				GCC_WARN_UNUSED_FUNCTION = YES;
				GCC_WARN_UNUSED_VARIABLE = YES;
				IPHONEOS_DEPLOYMENT_TARGET = 10.0;
				MTL_ENABLE_DEBUG_INFO = NO;
				SDKROOT = iphoneos;
				VALIDATE_PRODUCT = YES;
			};
			name = Release;
		};
		A6351B0E1DB9F0A800221579 /* Debug */ = {
			isa = XCBuildConfiguration;
			buildSettings = {
				ASSETCATALOG_COMPILER_APPICON_NAME = AppIcon;
				GCC_PREFIX_HEADER = "$(SRCROOT)/TimeAndLoop/text.pch";
				INFOPLIST_FILE = TimeAndLoop/Info.plist;
				LD_RUNPATH_SEARCH_PATHS = "$(inherited) @executable_path/Frameworks";
				PRODUCT_BUNDLE_IDENTIFIER = com.TimeAndLoop;
				PRODUCT_NAME = "$(TARGET_NAME)";
			};
			name = Debug;
		};
		A6351B0F1DB9F0A800221579 /* Release */ = {
			isa = XCBuildConfiguration;
			buildSettings = {
				ASSETCATALOG_COMPILER_APPICON_NAME = AppIcon;
				GCC_PREFIX_HEADER = "$(SRCROOT)/TimeAndLoop/text.pch";
				INFOPLIST_FILE = TimeAndLoop/Info.plist;
				LD_RUNPATH_SEARCH_PATHS = "$(inherited) @executable_path/Frameworks";
				PRODUCT_BUNDLE_IDENTIFIER = com.TimeAndLoop;
				PRODUCT_NAME = "$(TARGET_NAME)";
			};
			name = Release;
		};
/* End XCBuildConfiguration section */

/* Begin XCConfigurationList section */
		A6351ADB1DB9F0A800221579 /* Build configuration list for PBXProject "TimeAndLoop" */ = {
			isa = XCConfigurationList;
			buildConfigurations = (
				A6351B0B1DB9F0A800221579 /* Debug */,
				A6351B0C1DB9F0A800221579 /* Release */,
			);
			defaultConfigurationIsVisible = 0;
			defaultConfigurationName = Release;
		};
		A6351B0D1DB9F0A800221579 /* Build configuration list for PBXNativeTarget "TimeAndLoop" */ = {
			isa = XCConfigurationList;
			buildConfigurations = (
				A6351B0E1DB9F0A800221579 /* Debug */,
				A6351B0F1DB9F0A800221579 /* Release */,
			);
			defaultConfigurationIsVisible = 0;
			defaultConfigurationName = Release;
		};
/* End XCConfigurationList section */
	};
	rootObject = A6351AD81DB9F0A800221579 /* Project object */;
}
