PODS:
  - DCURLRouter (0.81)
  - JLRoutes (2.0.5)

DEPENDENCIES:
  - DCURLRouter (~> 0.81)
  - JLRoutes

SPEC CHECKSUMS:
  DCURLRouter: 6bb8d5c85390f5ce5a9966ad68e0e994a3e89b25
  JLRoutes: 2a5ee61d739b51a98c9d8112bee5149a19de8854

PODFILE CHECKSUM: 9740b8e3372404b5406992093c11207e986fea67

COCOAPODS: 1.3.1
